Microsoft Visual Studio Solution File, Format Version 11.00
# Visual Studio 2008

Project("{259EB0EF-9552-9F9A-64BA-284B170FC2E1}") = "LightControl", "Assembly-CSharp.csproj", "{2B2A28B0-6F41-48C8-E675-64524E1738C8}"
EndProject
Project("{259EB0EF-9552-9F9A-64BA-284B170FC2E1}") = "LightControl", "Assembly-CSharp-Editor.csproj", "{B245F334-1D27-87FB-6E65-3E2BFC1EA446}"
EndProject
Global
	GlobalSection(SolutionConfigurationPlatforms) = preSolution
		Debug|Any CPU = Debug|Any CPU
		Release|Any CPU = Release|Any CPU
	EndGlobalSection
	GlobalSection(ProjectConfigurationPlatforms) = postSolution
		{2B2A28B0-6F41-48C8-E675-64524E1738C8}.Debug|Any CPU.ActiveCfg = Debug|Any CPU
		{2B2A28B0-6F41-48C8-E675-64524E1738C8}.Debug|Any CPU.Build.0 = Debug|Any CPU
		{2B2A28B0-6F41-48C8-E675-64524E1738C8}.Release|Any CPU.ActiveCfg = Release|Any CPU
		{2B2A28B0-6F41-48C8-E675-64524E1738C8}.Release|Any CPU.Build.0 = Release|Any CPU
		{B245F334-1D27-87FB-6E65-3E2BFC1EA446}.Debug|Any CPU.ActiveCfg = Debug|Any CPU
		{B245F334-1D27-87FB-6E65-3E2BFC1EA446}.Debug|Any CPU.Build.0 = Debug|Any CPU
		{B245F334-1D27-87FB-6E65-3E2BFC1EA446}.Release|Any CPU.ActiveCfg = Release|Any CPU
		{B245F334-1D27-87FB-6E65-3E2BFC1EA446}.Release|Any CPU.Build.0 = Release|Any CPU
	EndGlobalSection
	GlobalSection(SolutionProperties) = preSolution
		HideSolutionNode = FALSE
	EndGlobalSection
	GlobalSection(MonoDevelopProperties) = preSolution
		StartupItem = Assembly-CSharp.csproj
	EndGlobalSection
EndGlobal
